// !$*UTF8*$!
{
	archiveVersion = 1;
	classes = {
	};
	objectVersion = 50;
	objects = {

/* Begin PBXBuildFile section */
		01D6ADD323D1433700968CFD /* AppDelegate.swift in Sources */ = {isa = PBXBuildFile; fileRef = 01D6ADD223D1433700968CFD /* AppDelegate.swift */; };
		01D6ADD523D1433700968CFD /* SceneDelegate.swift in Sources */ = {isa = PBXBuildFile; fileRef = 01D6ADD423D1433700968CFD /* SceneDelegate.swift */; };
		01D6ADD723D1433700968CFD /* ViewController.swift in Sources */ = {isa = PBXBuildFile; fileRef = 01D6ADD623D1433700968CFD /* ViewController.swift */; };
		01D6ADDA23D1433700968CFD /* Main.storyboard in Resources */ = {isa = PBXBuildFile; fileRef = 01D6ADD823D1433700968CFD /* Main.storyboard */; };
		01D6ADDD23D1433700968CFD /* testBitrise.xcdatamodeld in Sources */ = {isa = PBXBuildFile; fileRef = 01D6ADDB23D1433700968CFD /* testBitrise.xcdatamodeld */; };
		01D6ADDF23D1434300968CFD /* Assets.xcassets in Resources */ = {isa = PBXBuildFile; fileRef = 01D6ADDE23D1434300968CFD /* Assets.xcassets */; };
		01D6ADE223D1434300968CFD /* LaunchScreen.storyboard in Resources */ = {isa = PBXBuildFile; fileRef = 01D6ADE023D1434300968CFD /* LaunchScreen.storyboard */; };
		01D6ADED23D1434300968CFD /* testBitriseTests.swift in Sources */ = {isa = PBXBuildFile; fileRef = 01D6ADEC23D1434300968CFD /* testBitriseTests.swift */; };
		01D6ADF823D1434300968CFD /* testBitriseUITests.swift in Sources */ = {isa = PBXBuildFile; fileRef = 01D6ADF723D1434300968CFD /* testBitriseUITests.swift */; };
/* End PBXBuildFile section */

/* Begin PBXContainerItemProxy section */
		01D6ADE923D1434300968CFD /* PBXContainerItemProxy */ = {
			isa = PBXContainerItemProxy;
			containerPortal = 01D6ADC723D1433700968CFD /* Project object */;
			proxyType = 1;
			remoteGlobalIDString = 01D6ADCE23D1433700968CFD;
			remoteInfo = testBitrise;
		};
		01D6ADF423D1434300968CFD /* PBXContainerItemProxy */ = {
			isa = PBXContainerItemProxy;
			containerPortal = 01D6ADC723D1433700968CFD /* Project object */;
			proxyType = 1;
			remoteGlobalIDString = 01D6ADCE23D1433700968CFD;
			remoteInfo = testBitrise;
		};
/* End PBXContainerItemProxy section */

/* Begin PBXFileReference section */
		01D6ADCF23D1433700968CFD /* testBitrise.app */ = {isa = PBXFileReference; explicitFileType = wrapper.application; includeInIndex = 0; path = testBitrise.app; sourceTree = BUILT_PRODUCTS_DIR; };
		01D6ADD223D1433700968CFD /* AppDelegate.swift */ = {isa = PBXFileReference; lastKnownFileType = sourcecode.swift; path = AppDelegate.swift; sourceTree = "<group>"; };
		01D6ADD423D1433700968CFD /* SceneDelegate.swift */ = {isa = PBXFileReference; lastKnownFileType = sourcecode.swift; path = SceneDelegate.swift; sourceTree = "<group>"; };
		01D6ADD623D1433700968CFD /* ViewController.swift */ = {isa = PBXFileReference; lastKnownFileType = sourcecode.swift; path = ViewController.swift; sourceTree = "<group>"; };
		01D6ADD923D1433700968CFD /* Base */ = {isa = PBXFileReference; lastKnownFileType = file.storyboard; name = Base; path = Base.lproj/Main.storyboard; sourceTree = "<group>"; };
		01D6ADDC23D1433700968CFD /* testBitrise.xcdatamodel */ = {isa = PBXFileReference; lastKnownFileType = wrapper.xcdatamodel; path = testBitrise.xcdatamodel; sourceTree = "<group>"; };
		01D6ADDE23D1434300968CFD /* Assets.xcassets */ = {isa = PBXFileReference; lastKnownFileType = folder.assetcatalog; path = Assets.xcassets; sourceTree = "<group>"; };
		01D6ADE123D1434300968CFD /* Base */ = {isa = PBXFileReference; lastKnownFileType = file.storyboard; name = Base; path = Base.lproj/LaunchScreen.storyboard; sourceTree = "<group>"; };
		01D6ADE323D1434300968CFD /* Info.plist */ = {isa = PBXFileReference; lastKnownFileType = text.plist.xml; path = Info.plist; sourceTree = "<group>"; };
		01D6ADE823D1434300968CFD /* testBitriseTests.xctest */ = {isa = PBXFileReference; explicitFileType = wrapper.cfbundle; includeInIndex = 0; path = testBitriseTests.xctest; sourceTree = BUILT_PRODUCTS_DIR; };
		01D6ADEC23D1434300968CFD /* testBitriseTests.swift */ = {isa = PBXFileReference; lastKnownFileType = sourcecode.swift; path = testBitriseTests.swift; sourceTree = "<group>"; };
		01D6ADEE23D1434300968CFD /* Info.plist */ = {isa = PBXFileReference; lastKnownFileType = text.plist.xml; path = Info.plist; sourceTree = "<group>"; };
		01D6ADF323D1434300968CFD /* testBitriseUITests.xctest */ = {isa = PBXFileReference; explicitFileType = wrapper.cfbundle; includeInIndex = 0; path = testBitriseUITests.xctest; sourceTree = BUILT_PRODUCTS_DIR; };
		01D6ADF723D1434300968CFD /* testBitriseUITests.swift */ = {isa = PBXFileReference; lastKnownFileType = sourcecode.swift; path = testBitriseUITests.swift; sourceTree = "<group>"; };
		01D6ADF923D1434300968CFD /* Info.plist */ = {isa = PBXFileReference; lastKnownFileType = text.plist.xml; path = Info.plist; sourceTree = "<group>"; };
/* End PBXFileReference section */

/* Begin PBXFrameworksBuildPhase section */
		01D6ADCC23D1433700968CFD /* Frameworks */ = {
			isa = PBXFrameworksBuildPhase;
			buildActionMask = 2147483647;
			files = (
			);
			runOnlyForDeploymentPostprocessing = 0;
		};
		01D6ADE523D1434300968CFD /* Frameworks */ = {
			isa = PBXFrameworksBuildPhase;
			buildActionMask = 2147483647;
			files = (
			);
			runOnlyForDeploymentPostprocessing = 0;
		};
		01D6ADF023D1434300968CFD /* Frameworks */ = {
			isa = PBXFrameworksBuildPhase;
			buildActionMask = 2147483647;
			files = (
			);
			runOnlyForDeploymentPostprocessing = 0;
		};
/* End PBXFrameworksBuildPhase section */

/* Begin PBXGroup section */
		01D6ADC623D1433700968CFD = {
			isa = PBXGroup;
			children = (
				01D6ADD123D1433700968CFD /* testBitrise */,
				01D6ADEB23D1434300968CFD /* testBitriseTests */,
				01D6ADF623D1434300968CFD /* testBitriseUITests */,
				01D6ADD023D1433700968CFD /* Products */,
			);
			sourceTree = "<group>";
		};
		01D6ADD023D1433700968CFD /* Products */ = {
			isa = PBXGroup;
			children = (
				01D6ADCF23D1433700968CFD /* testBitrise.app */,
				01D6ADE823D1434300968CFD /* testBitriseTests.xctest */,
				01D6ADF323D1434300968CFD /* testBitriseUITests.xctest */,
			);
			name = Products;
			sourceTree = "<group>";
		};
		01D6ADD123D1433700968CFD /* testBitrise */ = {
			isa = PBXGroup;
			children = (
				01D6ADD223D1433700968CFD /* AppDelegate.swift */,
				01D6ADD423D1433700968CFD /* SceneDelegate.swift */,
				01D6ADD623D1433700968CFD /* ViewController.swift */,
				01D6ADD823D1433700968CFD /* Main.storyboard */,
				01D6ADDE23D1434300968CFD /* Assets.xcassets */,
				01D6ADE023D1434300968CFD /* LaunchScreen.storyboard */,
				01D6ADE323D1434300968CFD /* Info.plist */,
				01D6ADDB23D1433700968CFD /* testBitrise.xcdatamodeld */,
			);
			path = testBitrise;
			sourceTree = "<group>";
		};
		01D6ADEB23D1434300968CFD /* testBitriseTests */ = {
			isa = PBXGroup;
			children = (
				01D6ADEC23D1434300968CFD /* testBitriseTests.swift */,
				01D6ADEE23D1434300968CFD /* Info.plist */,
			);
			path = testBitriseTests;
			sourceTree = "<group>";
		};
		01D6ADF623D1434300968CFD /* testBitriseUITests */ = {
			isa = PBXGroup;
			children = (
				01D6ADF723D1434300968CFD /* testBitriseUITests.swift */,
				01D6ADF923D1434300968CFD /* Info.plist */,
			);
			path = testBitriseUITests;
			sourceTree = "<group>";
		};
/* End PBXGroup section */

/* Begin PBXNativeTarget section */
		01D6ADCE23D1433700968CFD /* testBitrise */ = {
			isa = PBXNativeTarget;
			buildConfigurationList = 01D6ADFC23D1434300968CFD /* Build configuration list for PBXNativeTarget "testBitrise" */;
			buildPhases = (
				01D6ADCB23D1433700968CFD /* Sources */,
				01D6ADCC23D1433700968CFD /* Frameworks */,
				01D6ADCD23D1433700968CFD /* Resources */,
			);
			buildRules = (
			);
			dependencies = (
			);
			name = testBitrise;
			productName = testBitrise;
			productReference = 01D6ADCF23D1433700968CFD /* testBitrise.app */;
			productType = "com.apple.product-type.application";
		};
		01D6ADE723D1434300968CFD /* testBitriseTests */ = {
			isa = PBXNativeTarget;
			buildConfigurationList = 01D6ADFF23D1434300968CFD /* Build configuration list for PBXNativeTarget "testBitriseTests" */;
			buildPhases = (
				01D6ADE423D1434300968CFD /* Sources */,
				01D6ADE523D1434300968CFD /* Frameworks */,
				01D6ADE623D1434300968CFD /* Resources */,
			);
			buildRules = (
			);
			dependencies = (
				01D6ADEA23D1434300968CFD /* PBXTargetDependency */,
			);
			name = testBitriseTests;
			productName = testBitriseTests;
			productReference = 01D6ADE823D1434300968CFD /* testBitriseTests.xctest */;
			productType = "com.apple.product-type.bundle.unit-test";
		};
		01D6ADF223D1434300968CFD /* testBitriseUITests */ = {
			isa = PBXNativeTarget;
			buildConfigurationList = 01D6AE0223D1434300968CFD /* Build configuration list for PBXNativeTarget "testBitriseUITests" */;
			buildPhases = (
				01D6ADEF23D1434300968CFD /* Sources */,
				01D6ADF023D1434300968CFD /* Frameworks */,
				01D6ADF123D1434300968CFD /* Resources */,
			);
			buildRules = (
			);
			dependencies = (
				01D6ADF523D1434300968CFD /* PBXTargetDependency */,
			);
			name = testBitriseUITests;
			productName = testBitriseUITests;
			productReference = 01D6ADF323D1434300968CFD /* testBitriseUITests.xctest */;
			productType = "com.apple.product-type.bundle.ui-testing";
		};
/* End PBXNativeTarget section */

/* Begin PBXProject section */
		01D6ADC723D1433700968CFD /* Project object */ = {
			isa = PBXProject;
			attributes = {
				LastSwiftUpdateCheck = 1130;
				LastUpgradeCheck = 1130;
				ORGANIZATIONNAME = FareedQ;
				TargetAttributes = {
					01D6ADCE23D1433700968CFD = {
						CreatedOnToolsVersion = 11.3;
					};
					01D6ADE723D1434300968CFD = {
						CreatedOnToolsVersion = 11.3;
						TestTargetID = 01D6ADCE23D1433700968CFD;
					};
					01D6ADF223D1434300968CFD = {
						CreatedOnToolsVersion = 11.3;
						TestTargetID = 01D6ADCE23D1433700968CFD;
					};
				};
			};
			buildConfigurationList = 01D6ADCA23D1433700968CFD /* Build configuration list for PBXProject "testBitrise" */;
			compatibilityVersion = "Xcode 9.3";
			developmentRegion = en;
			hasScannedForEncodings = 0;
			knownRegions = (
				en,
				Base,
			);
			mainGroup = 01D6ADC623D1433700968CFD;
			productRefGroup = 01D6ADD023D1433700968CFD /* Products */;
			projectDirPath = "";
			projectRoot = "";
			targets = (
				01D6ADCE23D1433700968CFD /* testBitrise */,
				01D6ADE723D1434300968CFD /* testBitriseTests */,
				01D6ADF223D1434300968CFD /* testBitriseUITests */,
			);
		};
/* End PBXProject section */

/* Begin PBXResourcesBuildPhase section */
		01D6ADCD23D1433700968CFD /* Resources */ = {
			isa = PBXResourcesBuildPhase;
			buildActionMask = 2147483647;
			files = (
				01D6ADE223D1434300968CFD /* LaunchScreen.storyboard in Resources */,
				01D6ADDF23D1434300968CFD /* Assets.xcassets in Resources */,
				01D6ADDA23D1433700968CFD /* Main.storyboard in Resources */,
			);
			runOnlyForDeploymentPostprocessing = 0;
		};
		01D6ADE623D1434300968CFD /* Resources */ = {
			isa = PBXResourcesBuildPhase;
			buildActionMask = 2147483647;
			files = (
			);
			runOnlyForDeploymentPostprocessing = 0;
		};
		01D6ADF123D1434300968CFD /* Resources */ = {
			isa = PBXResourcesBuildPhase;
			buildActionMask = 2147483647;
			files = (
			);
			runOnlyForDeploymentPostprocessing = 0;
		};
/* End PBXResourcesBuildPhase section */

/* Begin PBXSourcesBuildPhase section */
		01D6ADCB23D1433700968CFD /* Sources */ = {
			isa = PBXSourcesBuildPhase;
			buildActionMask = 2147483647;
			files = (
				01D6ADD723D1433700968CFD /* ViewController.swift in Sources */,
				01D6ADD323D1433700968CFD /* AppDelegate.swift in Sources */,
				01D6ADDD23D1433700968CFD /* testBitrise.xcdatamodeld in Sources */,
				01D6ADD523D1433700968CFD /* SceneDelegate.swift in Sources */,
			);
			runOnlyForDeploymentPostprocessing = 0;
		};
		01D6ADE423D1434300968CFD /* Sources */ = {
			isa = PBXSourcesBuildPhase;
			buildActionMask = 2147483647;
			files = (
				01D6ADED23D1434300968CFD /* testBitriseTests.swift in Sources */,
			);
			runOnlyForDeploymentPostprocessing = 0;
		};
		01D6ADEF23D1434300968CFD /* Sources */ = {
			isa = PBXSourcesBuildPhase;
			buildActionMask = 2147483647;
			files = (
				01D6ADF823D1434300968CFD /* testBitriseUITests.swift in Sources */,
			);
			runOnlyForDeploymentPostprocessing = 0;
		};
/* End PBXSourcesBuildPhase section */

/* Begin PBXTargetDependency section */
		01D6ADEA23D1434300968CFD /* PBXTargetDependency */ = {
			isa = PBXTargetDependency;
			target = 01D6ADCE23D1433700968CFD /* testBitrise */;
			targetProxy = 01D6ADE923D1434300968CFD /* PBXContainerItemProxy */;
		};
		01D6ADF523D1434300968CFD /* PBXTargetDependency */ = {
			isa = PBXTargetDependency;
			target = 01D6ADCE23D1433700968CFD /* testBitrise */;
			targetProxy = 01D6ADF423D1434300968CFD /* PBXContainerItemProxy */;
		};
/* End PBXTargetDependency section */

/* Begin PBXVariantGroup section */
		01D6ADD823D1433700968CFD /* Main.storyboard */ = {
			isa = PBXVariantGroup;
			children = (
				01D6ADD923D1433700968CFD /* Base */,
			);
			name = Main.storyboard;
			sourceTree = "<group>";
		};
		01D6ADE023D1434300968CFD /* LaunchScreen.storyboard */ = {
			isa = PBXVariantGroup;
			children = (
				01D6ADE123D1434300968CFD /* Base */,
			);
			name = LaunchScreen.storyboard;
			sourceTree = "<group>";
		};
/* End PBXVariantGroup section */

/* Begin XCBuildConfiguration section */
		01D6ADFA23D1434300968CFD /* Debug */ = {
			isa = XCBuildConfiguration;
			buildSettings = {
				ALWAYS_SEARCH_USER_PATHS = NO;
				CLANG_ANALYZER_NONNULL = YES;
				CLANG_ANALYZER_NUMBER_OBJECT_CONVERSION = YES_AGGRESSIVE;
				CLANG_CXX_LANGUAGE_STANDARD = "gnu++14";
				CLANG_CXX_LIBRARY = "libc++";
				CLANG_ENABLE_MODULES = YES;
				CLANG_ENABLE_OBJC_ARC = YES;
				CLANG_ENABLE_OBJC_WEAK = YES;
				CLANG_WARN_BLOCK_CAPTURE_AUTORELEASING = YES;
				CLANG_WARN_BOOL_CONVERSION = YES;
				CLANG_WARN_COMMA = YES;
				CLANG_WARN_CONSTANT_CONVERSION = YES;
				CLANG_WARN_DEPRECATED_OBJC_IMPLEMENTATIONS = YES;
				CLANG_WARN_DIRECT_OBJC_ISA_USAGE = YES_ERROR;
				CLANG_WARN_DOCUMENTATION_COMMENTS = YES;
				CLANG_WARN_EMPTY_BODY = YES;
				CLANG_WARN_ENUM_CONVERSION = YES;
				CLANG_WARN_INFINITE_RECURSION = YES;
				CLANG_WARN_INT_CONVERSION = YES;
				CLANG_WARN_NON_LITERAL_NULL_CONVERSION = YES;
				CLANG_WARN_OBJC_IMPLICIT_RETAIN_SELF = YES;
				CLANG_WARN_OBJC_LITERAL_CONVERSION = YES;
				CLANG_WARN_OBJC_ROOT_CLASS = YES_ERROR;
				CLANG_WARN_RANGE_LOOP_ANALYSIS = YES;
				CLANG_WARN_STRICT_PROTOTYPES = YES;
				CLANG_WARN_SUSPICIOUS_MOVE = YES;
				CLANG_WARN_UNGUARDED_AVAILABILITY = YES_AGGRESSIVE;
				CLANG_WARN_UNREACHABLE_CODE = YES;
				CLANG_WARN__DUPLICATE_METHOD_MATCH = YES;
				COPY_PHASE_STRIP = NO;
				DEBUG_INFORMATION_FORMAT = dwarf;
				ENABLE_STRICT_OBJC_MSGSEND = YES;
				ENABLE_TESTABILITY = YES;
				GCC_C_LANGUAGE_STANDARD = gnu11;
				GCC_DYNAMIC_NO_PIC = NO;
				GCC_NO_COMMON_BLOCKS = YES;
				GCC_OPTIMIZATION_LEVEL = 0;
				GCC_PREPROCESSOR_DEFINITIONS = (
					"DEBUG=1",
					"$(inherited)",
				);
				GCC_WARN_64_TO_32_BIT_CONVERSION = YES;
				GCC_WARN_ABOUT_RETURN_TYPE = YES_ERROR;
				GCC_WARN_UNDECLARED_SELECTOR = YES;
				GCC_WARN_UNINITIALIZED_AUTOS = YES_AGGRESSIVE;
				GCC_WARN_UNUSED_FUNCTION = YES;
				GCC_WARN_UNUSED_VARIABLE = YES;
				IPHONEOS_DEPLOYMENT_TARGET = 13.2;
				MTL_ENABLE_DEBUG_INFO = INCLUDE_SOURCE;
				MTL_FAST_MATH = YES;
				ONLY_ACTIVE_ARCH = YES;
				SDKROOT = iphoneos;
				SWIFT_ACTIVE_COMPILATION_CONDITIONS = DEBUG;
				SWIFT_OPTIMIZATION_LEVEL = "-Onone";
			};
			name = Debug;
		};
		01D6ADFB23D1434300968CFD /* Release */ = {
			isa = XCBuildConfiguration;
			buildSettings = {
				ALWAYS_SEARCH_USER_PATHS = NO;
				CLANG_ANALYZER_NONNULL = YES;
				CLANG_ANALYZER_NUMBER_OBJECT_CONVERSION = YES_AGGRESSIVE;
				CLANG_CXX_LANGUAGE_STANDARD = "gnu++14";
				CLANG_CXX_LIBRARY = "libc++";
				CLANG_ENABLE_MODULES = YES;
				CLANG_ENABLE_OBJC_ARC = YES;
				CLANG_ENABLE_OBJC_WEAK = YES;
				CLANG_WARN_BLOCK_CAPTURE_AUTORELEASING = YES;
				CLANG_WARN_BOOL_CONVERSION = YES;
				CLANG_WARN_COMMA = YES;
				CLANG_WARN_CONSTANT_CONVERSION = YES;
				CLANG_WARN_DEPRECATED_OBJC_IMPLEMENTATIONS = YES;
				CLANG_WARN_DIRECT_OBJC_ISA_USAGE = YES_ERROR;
				CLANG_WARN_DOCUMENTATION_COMMENTS = YES;
				CLANG_WARN_EMPTY_BODY = YES;
				CLANG_WARN_ENUM_CONVERSION = YES;
				CLANG_WARN_INFINITE_RECURSION = YES;
				CLANG_WARN_INT_CONVERSION = YES;
				CLANG_WARN_NON_LITERAL_NULL_CONVERSION = YES;
				CLANG_WARN_OBJC_IMPLICIT_RETAIN_SELF = YES;
				CLANG_WARN_OBJC_LITERAL_CONVERSION = YES;
				CLANG_WARN_OBJC_ROOT_CLASS = YES_ERROR;
				CLANG_WARN_RANGE_LOOP_ANALYSIS = YES;
				CLANG_WARN_STRICT_PROTOTYPES = YES;
				CLANG_WARN_SUSPICIOUS_MOVE = YES;
				CLANG_WARN_UNGUARDED_AVAILABILITY = YES_AGGRESSIVE;
				CLANG_WARN_UNREACHABLE_CODE = YES;
				CLANG_WARN__DUPLICATE_METHOD_MATCH = YES;
				COPY_PHASE_STRIP = NO;
				DEBUG_INFORMATION_FORMAT = "dwarf-with-dsym";
				ENABLE_NS_ASSERTIONS = NO;
				ENABLE_STRICT_OBJC_MSGSEND = YES;
				GCC_C_LANGUAGE_STANDARD = gnu11;
				GCC_NO_COMMON_BLOCKS = YES;
				GCC_WARN_64_TO_32_BIT_CONVERSION = YES;
				GCC_WARN_ABOUT_RETURN_TYPE = YES_ERROR;
				GCC_WARN_UNDECLARED_SELECTOR = YES;
				GCC_WARN_UNINITIALIZED_AUTOS = YES_AGGRESSIVE;
				GCC_WARN_UNUSED_FUNCTION = YES;
				GCC_WARN_UNUSED_VARIABLE = YES;
				IPHONEOS_DEPLOYMENT_TARGET = 13.2;
				MTL_ENABLE_DEBUG_INFO = NO;
				MTL_FAST_MATH = YES;
				SDKROOT = iphoneos;
				SWIFT_COMPILATION_MODE = wholemodule;
				SWIFT_OPTIMIZATION_LEVEL = "-O";
				VALIDATE_PRODUCT = YES;
			};
			name = Release;
		};
		01D6ADFD23D1434300968CFD /* Debug */ = {
			isa = XCBuildConfiguration;
			buildSettings = {
				ASSETCATALOG_COMPILER_APPICON_NAME = AppIcon;
				CODE_SIGN_STYLE = Automatic;
				DEVELOPMENT_TEAM = TWCD96G7AS;
				INFOPLIST_FILE = testBitrise/Info.plist;
				LD_RUNPATH_SEARCH_PATHS = (
					"$(inherited)",
					"@executable_path/Frameworks",
				);
				PRODUCT_BUNDLE_IDENTIFIER = FareedQ.testBitrise;
				PRODUCT_NAME = "$(TARGET_NAME)";
				SWIFT_VERSION = 5.0;
				TARGETED_DEVICE_FAMILY = "1,2";
			};
			name = Debug;
		};
		01D6ADFE23D1434300968CFD /* Release */ = {
			isa = XCBuildConfiguration;
			buildSettings = {
				ASSETCATALOG_COMPILER_APPICON_NAME = AppIcon;
				CODE_SIGN_STYLE = Automatic;
				DEVELOPMENT_TEAM = TWCD96G7AS;
				INFOPLIST_FILE = testBitrise/Info.plist;
				LD_RUNPATH_SEARCH_PATHS = (
					"$(inherited)",
					"@executable_path/Frameworks",
				);
				PRODUCT_BUNDLE_IDENTIFIER = FareedQ.testBitrise;
				PRODUCT_NAME = "$(TARGET_NAME)";
				SWIFT_VERSION = 5.0;
				TARGETED_DEVICE_FAMILY = "1,2";
			};
			name = Release;
		};
		01D6AE0023D1434300968CFD /* Debug */ = {
			isa = XCBuildConfiguration;
			buildSettings = {
				ALWAYS_EMBED_SWIFT_STANDARD_LIBRARIES = YES;
				BUNDLE_LOADER = "$(TEST_HOST)";
				CODE_SIGN_STYLE = Automatic;
				DEVELOPMENT_TEAM = TWCD96G7AS;
				INFOPLIST_FILE = testBitriseTests/Info.plist;
				IPHONEOS_DEPLOYMENT_TARGET = 13.2;
				LD_RUNPATH_SEARCH_PATHS = (
					"$(inherited)",
					"@executable_path/Frameworks",
					"@loader_path/Frameworks",
				);
				PRODUCT_BUNDLE_IDENTIFIER = FareedQ.testBitriseTests;
				PRODUCT_NAME = "$(TARGET_NAME)";
				SWIFT_VERSION = 5.0;
				TARGETED_DEVICE_FAMILY = "1,2";
				TEST_HOST = "$(BUILT_PRODUCTS_DIR)/testBitrise.app/testBitrise";
			};
			name = Debug;
		};
		01D6AE0123D1434300968CFD /* Release */ = {
			isa = XCBuildConfiguration;
			buildSettings = {
				ALWAYS_EMBED_SWIFT_STANDARD_LIBRARIES = YES;
				BUNDLE_LOADER = "$(TEST_HOST)";
				CODE_SIGN_STYLE = Automatic;
				DEVELOPMENT_TEAM = TWCD96G7AS;
				INFOPLIST_FILE = testBitriseTests/Info.plist;
				IPHONEOS_DEPLOYMENT_TARGET = 13.2;
				LD_RUNPATH_SEARCH_PATHS = (
					"$(inherited)",
					"@executable_path/Frameworks",
					"@loader_path/Frameworks",
				);
				PRODUCT_BUNDLE_IDENTIFIER = FareedQ.testBitriseTests;
				PRODUCT_NAME = "$(TARGET_NAME)";
				SWIFT_VERSION = 5.0;
				TARGETED_DEVICE_FAMILY = "1,2";
				TEST_HOST = "$(BUILT_PRODUCTS_DIR)/testBitrise.app/testBitrise";
			};
			name = Release;
		};
		01D6AE0323D1434300968CFD /* Debug */ = {
			isa = XCBuildConfiguration;
			buildSettings = {
				ALWAYS_EMBED_SWIFT_STANDARD_LIBRARIES = YES;
				CODE_SIGN_STYLE = Automatic;
				DEVELOPMENT_TEAM = TWCD96G7AS;
				INFOPLIST_FILE = testBitriseUITests/Info.plist;
				LD_RUNPATH_SEARCH_PATHS = (
					"$(inherited)",
					"@executable_path/Frameworks",
					"@loader_path/Frameworks",
				);
				PRODUCT_BUNDLE_IDENTIFIER = FareedQ.testBitriseUITests;
				PRODUCT_NAME = "$(TARGET_NAME)";
				SWIFT_VERSION = 5.0;
				TARGETED_DEVICE_FAMILY = "1,2";
				TEST_TARGET_NAME = testBitrise;
			};
			name = Debug;
		};
		01D6AE0423D1434300968CFD /* Release */ = {
			isa = XCBuildConfiguration;
			buildSettings = {
				ALWAYS_EMBED_SWIFT_STANDARD_LIBRARIES = YES;
				CODE_SIGN_STYLE = Automatic;
				DEVELOPMENT_TEAM = TWCD96G7AS;
				INFOPLIST_FILE = testBitriseUITests/Info.plist;
				LD_RUNPATH_SEARCH_PATHS = (
					"$(inherited)",
					"@executable_path/Frameworks",
					"@loader_path/Frameworks",
				);
				PRODUCT_BUNDLE_IDENTIFIER = FareedQ.testBitriseUITests;
				PRODUCT_NAME = "$(TARGET_NAME)";
				SWIFT_VERSION = 5.0;
				TARGETED_DEVICE_FAMILY = "1,2";
				TEST_TARGET_NAME = testBitrise;
			};
			name = Release;
		};
/* End XCBuildConfiguration section */

/* Begin XCConfigurationList section */
		01D6ADCA23D1433700968CFD /* Build configuration list for PBXProject "testBitrise" */ = {
			isa = XCConfigurationList;
			buildConfigurations = (
				01D6ADFA23D1434300968CFD /* Debug */,
				01D6ADFB23D1434300968CFD /* Release */,
			);
			defaultConfigurationIsVisible = 0;
			defaultConfigurationName = Release;
		};
		01D6ADFC23D1434300968CFD /* Build configuration list for PBXNativeTarget "testBitrise" */ = {
			isa = XCConfigurationList;
			buildConfigurations = (
				01D6ADFD23D1434300968CFD /* Debug */,
				01D6ADFE23D1434300968CFD /* Release */,
			);
			defaultConfigurationIsVisible = 0;
			defaultConfigurationName = Release;
		};
		01D6ADFF23D1434300968CFD /* Build configuration list for PBXNativeTarget "testBitriseTests" */ = {
			isa = XCConfigurationList;
			buildConfigurations = (
				01D6AE0023D1434300968CFD /* Debug */,
				01D6AE0123D1434300968CFD /* Release */,
			);
			defaultConfigurationIsVisible = 0;
			defaultConfigurationName = Release;
		};
		01D6AE0223D1434300968CFD /* Build configuration list for PBXNativeTarget "testBitriseUITests" */ = {
			isa = XCConfigurationList;
			buildConfigurations = (
				01D6AE0323D1434300968CFD /* Debug */,
				01D6AE0423D1434300968CFD /* Release */,
			);
			defaultConfigurationIsVisible = 0;
			defaultConfigurationName = Release;
		};
/* End XCConfigurationList section */

/* Begin XCVersionGroup section */
		01D6ADDB23D1433700968CFD /* testBitrise.xcdatamodeld */ = {
			isa = XCVersionGroup;
			children = (
				01D6ADDC23D1433700968CFD /* testBitrise.xcdatamodel */,
			);
			currentVersion = 01D6ADDC23D1433700968CFD /* testBitrise.xcdatamodel */;
			path = testBitrise.xcdatamodeld;
			sourceTree = "<group>";
			versionGroupType = wrapper.xcdatamodel;
		};
/* End XCVersionGroup section */
	};
	rootObject = 01D6ADC723D1433700968CFD /* Project object */;
}
